// !$*UTF8*$!
{
	archiveVersion = 1;
	classes = {
	};
	objectVersion = 46;
	objects = {

/* Begin PBXBuildFile section */
		992D48621E4D7C0000D832E3 /* InputAccessoryView.xib in Resources */ = {isa = PBXBuildFile; fileRef = 992D48611E4D7C0000D832E3 /* InputAccessoryView.xib */; };
		992D48651E4DBBF300D832E3 /* AutoGrowTextViewV2.m in Sources */ = {isa = PBXBuildFile; fileRef = 992D48641E4DBBF300D832E3 /* AutoGrowTextViewV2.m */; };
		993F6B751E52E5150010846C /* TPEmojiLabel in Resources */ = {isa = PBXBuildFile; fileRef = 993F6B741E52E5150010846C /* TPEmojiLabel */; };
		99A391411E4C5AEE0063B989 /* main.m in Sources */ = {isa = PBXBuildFile; fileRef = 99A391401E4C5AEE0063B989 /* main.m */; };
		99A391441E4C5AEE0063B989 /* AppDelegate.m in Sources */ = {isa = PBXBuildFile; fileRef = 99A391431E4C5AEE0063B989 /* AppDelegate.m */; };
		99A391471E4C5AEE0063B989 /* ViewController.m in Sources */ = {isa = PBXBuildFile; fileRef = 99A391461E4C5AEE0063B989 /* ViewController.m */; };
		99A3914A1E4C5AEE0063B989 /* Main.storyboard in Resources */ = {isa = PBXBuildFile; fileRef = 99A391481E4C5AEE0063B989 /* Main.storyboard */; };
		99A3914C1E4C5AEF0063B989 /* Assets.xcassets in Resources */ = {isa = PBXBuildFile; fileRef = 99A3914B1E4C5AEE0063B989 /* Assets.xcassets */; };
		99A3914F1E4C5AEF0063B989 /* LaunchScreen.storyboard in Resources */ = {isa = PBXBuildFile; fileRef = 99A3914D1E4C5AEF0063B989 /* LaunchScreen.storyboard */; };
		99A391581E4C5B220063B989 /* BasicInputViewController.m in Sources */ = {isa = PBXBuildFile; fileRef = 99A391571E4C5B220063B989 /* BasicInputViewController.m */; };
		99A3915B1E4C5B5E0063B989 /* InputAccessoryView.m in Sources */ = {isa = PBXBuildFile; fileRef = 99A3915A1E4C5B5E0063B989 /* InputAccessoryView.m */; };
/* End PBXBuildFile section */

/* Begin PBXFileReference section */
		992D48611E4D7C0000D832E3 /* InputAccessoryView.xib */ = {isa = PBXFileReference; fileEncoding = 4; lastKnownFileType = file.xib; path = InputAccessoryView.xib; sourceTree = "<group>"; };
		992D48631E4DBBF300D832E3 /* AutoGrowTextViewV2.h */ = {isa = PBXFileReference; fileEncoding = 4; lastKnownFileType = sourcecode.c.h; path = AutoGrowTextViewV2.h; sourceTree = "<group>"; };
		992D48641E4DBBF300D832E3 /* AutoGrowTextViewV2.m */ = {isa = PBXFileReference; fileEncoding = 4; lastKnownFileType = sourcecode.c.objc; path = AutoGrowTextViewV2.m; sourceTree = "<group>"; };
		993F6B711E51B9F20010846C /* PrefixHeader.pch */ = {isa = PBXFileReference; lastKnownFileType = sourcecode.c.h; path = PrefixHeader.pch; sourceTree = "<group>"; };
		993F6B741E52E5150010846C /* TPEmojiLabel */ = {isa = PBXFileReference; lastKnownFileType = folder; path = TPEmojiLabel; sourceTree = "<group>"; };
		99A3913C1E4C5AEE0063B989 /* InputExample.app */ = {isa = PBXFileReference; explicitFileType = wrapper.application; includeInIndex = 0; path = InputExample.app; sourceTree = BUILT_PRODUCTS_DIR; };
		99A391401E4C5AEE0063B989 /* main.m */ = {isa = PBXFileReference; lastKnownFileType = sourcecode.c.objc; path = main.m; sourceTree = "<group>"; };
		99A391421E4C5AEE0063B989 /* AppDelegate.h */ = {isa = PBXFileReference; lastKnownFileType = sourcecode.c.h; path = AppDelegate.h; sourceTree = "<group>"; };
		99A391431E4C5AEE0063B989 /* AppDelegate.m */ = {isa = PBXFileReference; lastKnownFileType = sourcecode.c.objc; path = AppDelegate.m; sourceTree = "<group>"; };
		99A391451E4C5AEE0063B989 /* ViewController.h */ = {isa = PBXFileReference; lastKnownFileType = sourcecode.c.h; path = ViewController.h; sourceTree = "<group>"; };
		99A391461E4C5AEE0063B989 /* ViewController.m */ = {isa = PBXFileReference; lastKnownFileType = sourcecode.c.objc; path = ViewController.m; sourceTree = "<group>"; };
		99A391491E4C5AEE0063B989 /* Base */ = {isa = PBXFileReference; lastKnownFileType = file.storyboard; name = Base; path = Base.lproj/Main.storyboard; sourceTree = "<group>"; };
		99A3914B1E4C5AEE0063B989 /* Assets.xcassets */ = {isa = PBXFileReference; lastKnownFileType = folder.assetcatalog; path = Assets.xcassets; sourceTree = "<group>"; };
		99A3914E1E4C5AEF0063B989 /* Base */ = {isa = PBXFileReference; lastKnownFileType = file.storyboard; name = Base; path = Base.lproj/LaunchScreen.storyboard; sourceTree = "<group>"; };
		99A391501E4C5AEF0063B989 /* Info.plist */ = {isa = PBXFileReference; lastKnownFileType = text.plist.xml; path = Info.plist; sourceTree = "<group>"; };
		99A391561E4C5B220063B989 /* BasicInputViewController.h */ = {isa = PBXFileReference; fileEncoding = 4; lastKnownFileType = sourcecode.c.h; path = BasicInputViewController.h; sourceTree = "<group>"; };
		99A391571E4C5B220063B989 /* BasicInputViewController.m */ = {isa = PBXFileReference; fileEncoding = 4; lastKnownFileType = sourcecode.c.objc; path = BasicInputViewController.m; sourceTree = "<group>"; };
		99A391591E4C5B5E0063B989 /* InputAccessoryView.h */ = {isa = PBXFileReference; fileEncoding = 4; lastKnownFileType = sourcecode.c.h; path = InputAccessoryView.h; sourceTree = "<group>"; };
		99A3915A1E4C5B5E0063B989 /* InputAccessoryView.m */ = {isa = PBXFileReference; fileEncoding = 4; lastKnownFileType = sourcecode.c.objc; path = InputAccessoryView.m; sourceTree = "<group>"; };
/* End PBXFileReference section */

/* Begin PBXFrameworksBuildPhase section */
		99A391391E4C5AEE0063B989 /* Frameworks */ = {
			isa = PBXFrameworksBuildPhase;
			buildActionMask = 2147483647;
			files = (
			);
			runOnlyForDeploymentPostprocessing = 0;
		};
/* End PBXFrameworksBuildPhase section */

/* Begin PBXGroup section */
		99A391331E4C5AEE0063B989 = {
			isa = PBXGroup;
			children = (
				99A3913E1E4C5AEE0063B989 /* InputExample */,
				99A3913D1E4C5AEE0063B989 /* Products */,
			);
			sourceTree = "<group>";
		};
		99A3913D1E4C5AEE0063B989 /* Products */ = {
			isa = PBXGroup;
			children = (
				99A3913C1E4C5AEE0063B989 /* InputExample.app */,
			);
			name = Products;
			sourceTree = "<group>";
		};
		99A3913E1E4C5AEE0063B989 /* InputExample */ = {
			isa = PBXGroup;
			children = (
				993F6B741E52E5150010846C /* TPEmojiLabel */,
				992D48631E4DBBF300D832E3 /* AutoGrowTextViewV2.h */,
				992D48641E4DBBF300D832E3 /* AutoGrowTextViewV2.m */,
				99A391421E4C5AEE0063B989 /* AppDelegate.h */,
				99A391431E4C5AEE0063B989 /* AppDelegate.m */,
				99A391451E4C5AEE0063B989 /* ViewController.h */,
				99A391461E4C5AEE0063B989 /* ViewController.m */,
				99A391481E4C5AEE0063B989 /* Main.storyboard */,
				99A3914B1E4C5AEE0063B989 /* Assets.xcassets */,
				99A3914D1E4C5AEF0063B989 /* LaunchScreen.storyboard */,
				99A391501E4C5AEF0063B989 /* Info.plist */,
				99A3913F1E4C5AEE0063B989 /* Supporting Files */,
				99A391561E4C5B220063B989 /* BasicInputViewController.h */,
				99A391571E4C5B220063B989 /* BasicInputViewController.m */,
				99A391591E4C5B5E0063B989 /* InputAccessoryView.h */,
				99A3915A1E4C5B5E0063B989 /* InputAccessoryView.m */,
				992D48611E4D7C0000D832E3 /* InputAccessoryView.xib */,
				993F6B711E51B9F20010846C /* PrefixHeader.pch */,
			);
			path = InputExample;
			sourceTree = "<group>";
		};
		99A3913F1E4C5AEE0063B989 /* Supporting Files */ = {
			isa = PBXGroup;
			children = (
				99A391401E4C5AEE0063B989 /* main.m */,
			);
			name = "Supporting Files";
			sourceTree = "<group>";
		};
/* End PBXGroup section */

/* Begin PBXNativeTarget section */
		99A3913B1E4C5AEE0063B989 /* InputExample */ = {
			isa = PBXNativeTarget;
			buildConfigurationList = 99A391531E4C5AEF0063B989 /* Build configuration list for PBXNativeTarget "InputExample" */;
			buildPhases = (
				99A391381E4C5AEE0063B989 /* Sources */,
				99A391391E4C5AEE0063B989 /* Frameworks */,
				99A3913A1E4C5AEE0063B989 /* Resources */,
			);
			buildRules = (
			);
			dependencies = (
			);
			name = InputExample;
			productName = InputExample;
			productReference = 99A3913C1E4C5AEE0063B989 /* InputExample.app */;
			productType = "com.apple.product-type.application";
		};
/* End PBXNativeTarget section */

/* Begin PBXProject section */
		99A391341E4C5AEE0063B989 /* Project object */ = {
			isa = PBXProject;
			attributes = {
				LastUpgradeCheck = 0820;
				ORGANIZATIONNAME = "Piao Piao";
				TargetAttributes = {
					99A3913B1E4C5AEE0063B989 = {
						CreatedOnToolsVersion = 8.2;
						DevelopmentTeam = S99AT867TC;
						ProvisioningStyle = Automatic;
					};
				};
			};
			buildConfigurationList = 99A391371E4C5AEE0063B989 /* Build configuration list for PBXProject "InputExample" */;
			compatibilityVersion = "Xcode 3.2";
			developmentRegion = English;
			hasScannedForEncodings = 0;
			knownRegions = (
				en,
				Base,
			);
			mainGroup = 99A391331E4C5AEE0063B989;
			productRefGroup = 99A3913D1E4C5AEE0063B989 /* Products */;
			projectDirPath = "";
			projectRoot = "";
			targets = (
				99A3913B1E4C5AEE0063B989 /* InputExample */,
			);
		};
/* End PBXProject section */

/* Begin PBXResourcesBuildPhase section */
		99A3913A1E4C5AEE0063B989 /* Resources */ = {
			isa = PBXResourcesBuildPhase;
			buildActionMask = 2147483647;
			files = (
				99A3914F1E4C5AEF0063B989 /* LaunchScreen.storyboard in Resources */,
				99A3914C1E4C5AEF0063B989 /* Assets.xcassets in Resources */,
				992D48621E4D7C0000D832E3 /* InputAccessoryView.xib in Resources */,
				993F6B751E52E5150010846C /* TPEmojiLabel in Resources */,
				99A3914A1E4C5AEE0063B989 /* Main.storyboard in Resources */,
			);
			runOnlyForDeploymentPostprocessing = 0;
		};
/* End PBXResourcesBuildPhase section */

/* Begin PBXSourcesBuildPhase section */
		99A391381E4C5AEE0063B989 /* Sources */ = {
			isa = PBXSourcesBuildPhase;
			buildActionMask = 2147483647;
			files = (
				99A391471E4C5AEE0063B989 /* ViewController.m in Sources */,
				99A3915B1E4C5B5E0063B989 /* InputAccessoryView.m in Sources */,
				99A391441E4C5AEE0063B989 /* AppDelegate.m in Sources */,
				992D48651E4DBBF300D832E3 /* AutoGrowTextViewV2.m in Sources */,
				99A391581E4C5B220063B989 /* BasicInputViewController.m in Sources */,
				99A391411E4C5AEE0063B989 /* main.m in Sources */,
			);
			runOnlyForDeploymentPostprocessing = 0;
		};
/* End PBXSourcesBuildPhase section */

/* Begin PBXVariantGroup section */
		99A391481E4C5AEE0063B989 /* Main.storyboard */ = {
			isa = PBXVariantGroup;
			children = (
				99A391491E4C5AEE0063B989 /* Base */,
			);
			name = Main.storyboard;
			sourceTree = "<group>";
		};
		99A3914D1E4C5AEF0063B989 /* LaunchScreen.storyboard */ = {
			isa = PBXVariantGroup;
			children = (
				99A3914E1E4C5AEF0063B989 /* Base */,
			);
			name = LaunchScreen.storyboard;
			sourceTree = "<group>";
		};
/* End PBXVariantGroup section */

/* Begin XCBuildConfiguration section */
		99A391511E4C5AEF0063B989 /* Debug */ = {
			isa = XCBuildConfiguration;
			buildSettings = {
				ALWAYS_SEARCH_USER_PATHS = NO;
				CLANG_ANALYZER_NONNULL = YES;
				CLANG_CXX_LANGUAGE_STANDARD = "gnu++0x";
				CLANG_CXX_LIBRARY = "libc++";
				CLANG_ENABLE_MODULES = YES;
				CLANG_ENABLE_OBJC_ARC = YES;
				CLANG_WARN_BOOL_CONVERSION = YES;
				CLANG_WARN_CONSTANT_CONVERSION = YES;
				CLANG_WARN_DIRECT_OBJC_ISA_USAGE = YES_ERROR;
				CLANG_WARN_DOCUMENTATION_COMMENTS = YES;
				CLANG_WARN_EMPTY_BODY = YES;
				CLANG_WARN_ENUM_CONVERSION = YES;
				CLANG_WARN_INFINITE_RECURSION = YES;
				CLANG_WARN_INT_CONVERSION = YES;
				CLANG_WARN_OBJC_ROOT_CLASS = YES_ERROR;
				CLANG_WARN_SUSPICIOUS_MOVE = YES;
				CLANG_WARN_UNREACHABLE_CODE = YES;
				CLANG_WARN__DUPLICATE_METHOD_MATCH = YES;
				"CODE_SIGN_IDENTITY[sdk=iphoneos*]" = "iPhone Developer";
				COPY_PHASE_STRIP = NO;
				DEBUG_INFORMATION_FORMAT = dwarf;
				ENABLE_STRICT_OBJC_MSGSEND = YES;
				ENABLE_TESTABILITY = YES;
				GCC_C_LANGUAGE_STANDARD = gnu99;
				GCC_DYNAMIC_NO_PIC = NO;
				GCC_NO_COMMON_BLOCKS = YES;
				GCC_OPTIMIZATION_LEVEL = 0;
				GCC_PREPROCESSOR_DEFINITIONS = (
					"DEBUG=1",
					"$(inherited)",
				);
				GCC_WARN_64_TO_32_BIT_CONVERSION = YES;
				GCC_WARN_ABOUT_RETURN_TYPE = YES_ERROR;
				GCC_WARN_UNDECLARED_SELECTOR = YES;
				GCC_WARN_UNINITIALIZED_AUTOS = YES_AGGRESSIVE;
				GCC_WARN_UNUSED_FUNCTION = YES;
				GCC_WARN_UNUSED_VARIABLE = YES;
				IPHONEOS_DEPLOYMENT_TARGET = 10.2;
				MTL_ENABLE_DEBUG_INFO = YES;
				ONLY_ACTIVE_ARCH = YES;
				SDKROOT = iphoneos;
				TARGETED_DEVICE_FAMILY = "1,2";
			};
			name = Debug;
		};
		99A391521E4C5AEF0063B989 /* Release */ = {
			isa = XCBuildConfiguration;
			buildSettings = {
				ALWAYS_SEARCH_USER_PATHS = NO;
				CLANG_ANALYZER_NONNULL = YES;
				CLANG_CXX_LANGUAGE_STANDARD = "gnu++0x";
				CLANG_CXX_LIBRARY = "libc++";
				CLANG_ENABLE_MODULES = YES;
				CLANG_ENABLE_OBJC_ARC = YES;
				CLANG_WARN_BOOL_CONVERSION = YES;
				CLANG_WARN_CONSTANT_CONVERSION = YES;
				CLANG_WARN_DIRECT_OBJC_ISA_USAGE = YES_ERROR;
				CLANG_WARN_DOCUMENTATION_COMMENTS = YES;
				CLANG_WARN_EMPTY_BODY = YES;
				CLANG_WARN_ENUM_CONVERSION = YES;
				CLANG_WARN_INFINITE_RECURSION = YES;
				CLANG_WARN_INT_CONVERSION = YES;
				CLANG_WARN_OBJC_ROOT_CLASS = YES_ERROR;
				CLANG_WARN_SUSPICIOUS_MOVE = YES;
				CLANG_WARN_UNREACHABLE_CODE = YES;
				CLANG_WARN__DUPLICATE_METHOD_MATCH = YES;
				"CODE_SIGN_IDENTITY[sdk=iphoneos*]" = "iPhone Developer";
				COPY_PHASE_STRIP = NO;
				DEBUG_INFORMATION_FORMAT = "dwarf-with-dsym";
				ENABLE_NS_ASSERTIONS = NO;
				ENABLE_STRICT_OBJC_MSGSEND = YES;
				GCC_C_LANGUAGE_STANDARD = gnu99;
				GCC_NO_COMMON_BLOCKS = YES;
				GCC_WARN_64_TO_32_BIT_CONVERSION = YES;
				GCC_WARN_ABOUT_RETURN_TYPE = YES_ERROR;
				GCC_WARN_UNDECLARED_SELECTOR = YES;
				GCC_WARN_UNINITIALIZED_AUTOS = YES_AGGRESSIVE;
				GCC_WARN_UNUSED_FUNCTION = YES;
				GCC_WARN_UNUSED_VARIABLE = YES;
				IPHONEOS_DEPLOYMENT_TARGET = 10.2;
				MTL_ENABLE_DEBUG_INFO = NO;
				SDKROOT = iphoneos;
				TARGETED_DEVICE_FAMILY = "1,2";
				VALIDATE_PRODUCT = YES;
			};
			name = Release;
		};
		99A391541E4C5AEF0063B989 /* Debug */ = {
			isa = XCBuildConfiguration;
			buildSettings = {
				ASSETCATALOG_COMPILER_APPICON_NAME = AppIcon;
				DEVELOPMENT_TEAM = S99AT867TC;
				GCC_PRECOMPILE_PREFIX_HEADER = YES;
				GCC_PREFIX_HEADER = ./InputExample/PrefixHeader.pch;
				INFOPLIST_FILE = InputExample/Info.plist;
				LD_RUNPATH_SEARCH_PATHS = "$(inherited) @executable_path/Frameworks";
				PRODUCT_BUNDLE_IDENTIFIER = sfs.InputExample;
				PRODUCT_NAME = "$(TARGET_NAME)";
			};
			name = Debug;
		};
		99A391551E4C5AEF0063B989 /* Release */ = {
			isa = XCBuildConfiguration;
			buildSettings = {
				ASSETCATALOG_COMPILER_APPICON_NAME = AppIcon;
				DEVELOPMENT_TEAM = S99AT867TC;
				GCC_PRECOMPILE_PREFIX_HEADER = YES;
				GCC_PREFIX_HEADER = ./InputExample/PrefixHeader.pch;
				INFOPLIST_FILE = InputExample/Info.plist;
				LD_RUNPATH_SEARCH_PATHS = "$(inherited) @executable_path/Frameworks";
				PRODUCT_BUNDLE_IDENTIFIER = sfs.InputExample;
				PRODUCT_NAME = "$(TARGET_NAME)";
			};
			name = Release;
		};
/* End XCBuildConfiguration section */

/* Begin XCConfigurationList section */
		99A391371E4C5AEE0063B989 /* Build configuration list for PBXProject "InputExample" */ = {
			isa = XCConfigurationList;
			buildConfigurations = (
				99A391511E4C5AEF0063B989 /* Debug */,
				99A391521E4C5AEF0063B989 /* Release */,
			);
			defaultConfigurationIsVisible = 0;
			defaultConfigurationName = Release;
		};
		99A391531E4C5AEF0063B989 /* Build configuration list for PBXNativeTarget "InputExample" */ = {
			isa = XCConfigurationList;
			buildConfigurations = (
				99A391541E4C5AEF0063B989 /* Debug */,
				99A391551E4C5AEF0063B989 /* Release */,
			);
			defaultConfigurationIsVisible = 0;
			defaultConfigurationName = Release;
		};
/* End XCConfigurationList section */
	};
	rootObject = 99A391341E4C5AEE0063B989 /* Project object */;
}
